
Microsoft Visual Studio Solution File, Format Version 12.00
# Visual Studio Version 16
VisualStudioVersion = 16.0.30406.217
MinimumVisualStudioVersion = 10.0.40219.1
Project("{2150E333-8FDC-42A3-9474-1A3956D46DE8}") = "ResultOfTheSession", "ResultOfTheSession", "{6F6ECBC1-222C-48FB-85C9-F1A5CCC7956A}"
EndProject
Project("{2150E333-8FDC-42A3-9474-1A3956D46DE8}") = "ResultOfTheSessionUnitTest", "ResultOfTheSessionUnitTest", "{A7E77D5C-078F-4E88-9747-5BD4C3A490C0}"
EndProject
Project("{FAE04EC0-301F-11D3-BF4B-00C04F79EFBC}") = "ResultOfTheSessionUnitTestProject", "ResultOfTheSessionUnitTestProject\ResultOfTheSessionUnitTestProject.csproj", "{DC8253D9-31E0-41B7-9C83-DC221BF74230}"
EndProject
Project("{FAE04EC0-301F-11D3-BF4B-00C04F79EFBC}") = "DAL", "DAL\DAL.csproj", "{3D941B49-A3C8-4B94-B1B8-2836E5D565F9}"
EndProject
Project("{FAE04EC0-301F-11D3-BF4B-00C04F79EFBC}") = "BLL", "BLL\BLL.csproj", "{5BD355C1-D9C0-45EA-A9B2-90BA01EC3B5D}"
EndProject
Project("{2150E333-8FDC-42A3-9474-1A3956D46DE8}") = "Database", "Database", "{3F274174-8A1F-4821-94C9-69055D3D1F11}"
EndProject
Project("{00D1A9C2-B5F0-4AF3-8072-F6C62B433612}") = "ResultSessionDatabase", "Database\ResultSessionDatabase.sqlproj", "{9E0CCD72-2EDA-4EF2-B6A0-92A4C642B0B8}"
EndProject
Global
	GlobalSection(SolutionConfigurationPlatforms) = preSolution
		Debug|Any CPU = Debug|Any CPU
		Release|Any CPU = Release|Any CPU
	EndGlobalSection
	GlobalSection(ProjectConfigurationPlatforms) = postSolution
		{DC8253D9-31E0-41B7-9C83-DC221BF74230}.Debug|Any CPU.ActiveCfg = Debug|Any CPU
		{DC8253D9-31E0-41B7-9C83-DC221BF74230}.Debug|Any CPU.Build.0 = Debug|Any CPU
		{DC8253D9-31E0-41B7-9C83-DC221BF74230}.Release|Any CPU.ActiveCfg = Release|Any CPU
		{DC8253D9-31E0-41B7-9C83-DC221BF74230}.Release|Any CPU.Build.0 = Release|Any CPU
		{3D941B49-A3C8-4B94-B1B8-2836E5D565F9}.Debug|Any CPU.ActiveCfg = Debug|Any CPU
		{3D941B49-A3C8-4B94-B1B8-2836E5D565F9}.Debug|Any CPU.Build.0 = Debug|Any CPU
		{3D941B49-A3C8-4B94-B1B8-2836E5D565F9}.Release|Any CPU.ActiveCfg = Release|Any CPU
		{3D941B49-A3C8-4B94-B1B8-2836E5D565F9}.Release|Any CPU.Build.0 = Release|Any CPU
		{5BD355C1-D9C0-45EA-A9B2-90BA01EC3B5D}.Debug|Any CPU.ActiveCfg = Debug|Any CPU
		{5BD355C1-D9C0-45EA-A9B2-90BA01EC3B5D}.Debug|Any CPU.Build.0 = Debug|Any CPU
		{5BD355C1-D9C0-45EA-A9B2-90BA01EC3B5D}.Release|Any CPU.ActiveCfg = Release|Any CPU
		{5BD355C1-D9C0-45EA-A9B2-90BA01EC3B5D}.Release|Any CPU.Build.0 = Release|Any CPU
		{9E0CCD72-2EDA-4EF2-B6A0-92A4C642B0B8}.Debug|Any CPU.ActiveCfg = Debug|Any CPU
		{9E0CCD72-2EDA-4EF2-B6A0-92A4C642B0B8}.Debug|Any CPU.Build.0 = Debug|Any CPU
		{9E0CCD72-2EDA-4EF2-B6A0-92A4C642B0B8}.Debug|Any CPU.Deploy.0 = Debug|Any CPU
		{9E0CCD72-2EDA-4EF2-B6A0-92A4C642B0B8}.Release|Any CPU.ActiveCfg = Release|Any CPU
		{9E0CCD72-2EDA-4EF2-B6A0-92A4C642B0B8}.Release|Any CPU.Build.0 = Release|Any CPU
		{9E0CCD72-2EDA-4EF2-B6A0-92A4C642B0B8}.Release|Any CPU.Deploy.0 = Release|Any CPU
	EndGlobalSection
	GlobalSection(SolutionProperties) = preSolution
		HideSolutionNode = FALSE
	EndGlobalSection
	GlobalSection(NestedProjects) = preSolution
		{DC8253D9-31E0-41B7-9C83-DC221BF74230} = {A7E77D5C-078F-4E88-9747-5BD4C3A490C0}
		{3D941B49-A3C8-4B94-B1B8-2836E5D565F9} = {6F6ECBC1-222C-48FB-85C9-F1A5CCC7956A}
		{5BD355C1-D9C0-45EA-A9B2-90BA01EC3B5D} = {6F6ECBC1-222C-48FB-85C9-F1A5CCC7956A}
		{9E0CCD72-2EDA-4EF2-B6A0-92A4C642B0B8} = {3F274174-8A1F-4821-94C9-69055D3D1F11}
	EndGlobalSection
	GlobalSection(ExtensibilityGlobals) = postSolution
		SolutionGuid = {252DCC92-32A1-4F66-9412-82C56B7EC5E7}
	EndGlobalSection
EndGlobal
